
Microsoft Visual Studio Solution File, Format Version 9.00
# Visual Studio 2005
Project("{F184B08F-C81C-45F6-A57F-5ABD9991F28F}") = "BuboBubo Map-Editor", "Map-Editor\BuboBubo Map-Editor.vbproj", "{E1AF353D-3FFB-4876-BB71-1A17A8353C92}"
EndProject
Project("{FAE04EC0-301F-11D3-BF4B-00C04F79EFBC}") = "Pathfinder", "Pathfinder\Pathfinder.csproj", "{337DF0F9-AB44-4D4D-A361-31797815485B}"
EndProject
Project("{FAE04EC0-301F-11D3-BF4B-00C04F79EFBC}") = "ASternTest", "ASternTest\ASternTest.csproj", "{C1455D06-5AB2-473B-B851-921EDF451050}"
EndProject
Project("{F184B08F-C81C-45F6-A57F-5ABD9991F28F}") = "PointsEditor", "PointsEditor\PointsEditor.vbproj", "{9934CCFB-E5D5-4B34-A1ED-8DC90C4BD619}"
EndProject
Project("{FAE04EC0-301F-11D3-BF4B-00C04F79EFBC}") = "GraphicsEngine", "GraphicsEngine\GraphicsEngine.csproj", "{ED62D7BD-A9C7-4124-A2F6-98BB939F96D0}"
EndProject
Project("{FAE04EC0-301F-11D3-BF4B-00C04F79EFBC}") = "EngineTester", "EngineTester\EngineTester.csproj", "{50635836-9B32-4E96-8CD8-7D8FDB26D22C}"
EndProject
Global
	GlobalSection(SolutionConfigurationPlatforms) = preSolution
		Debug|Any CPU = Debug|Any CPU
		Release|Any CPU = Release|Any CPU
	EndGlobalSection
	GlobalSection(ProjectConfigurationPlatforms) = postSolution
		{E1AF353D-3FFB-4876-BB71-1A17A8353C92}.Debug|Any CPU.ActiveCfg = Debug|Any CPU
		{E1AF353D-3FFB-4876-BB71-1A17A8353C92}.Debug|Any CPU.Build.0 = Debug|Any CPU
		{E1AF353D-3FFB-4876-BB71-1A17A8353C92}.Release|Any CPU.ActiveCfg = Release|Any CPU
		{E1AF353D-3FFB-4876-BB71-1A17A8353C92}.Release|Any CPU.Build.0 = Release|Any CPU
		{337DF0F9-AB44-4D4D-A361-31797815485B}.Debug|Any CPU.ActiveCfg = Debug|Any CPU
		{337DF0F9-AB44-4D4D-A361-31797815485B}.Debug|Any CPU.Build.0 = Debug|Any CPU
		{337DF0F9-AB44-4D4D-A361-31797815485B}.Release|Any CPU.ActiveCfg = Release|Any CPU
		{337DF0F9-AB44-4D4D-A361-31797815485B}.Release|Any CPU.Build.0 = Release|Any CPU
		{C1455D06-5AB2-473B-B851-921EDF451050}.Debug|Any CPU.ActiveCfg = Debug|Any CPU
		{C1455D06-5AB2-473B-B851-921EDF451050}.Debug|Any CPU.Build.0 = Debug|Any CPU
		{C1455D06-5AB2-473B-B851-921EDF451050}.Release|Any CPU.ActiveCfg = Release|Any CPU
		{C1455D06-5AB2-473B-B851-921EDF451050}.Release|Any CPU.Build.0 = Release|Any CPU
		{9934CCFB-E5D5-4B34-A1ED-8DC90C4BD619}.Debug|Any CPU.ActiveCfg = Debug|Any CPU
		{9934CCFB-E5D5-4B34-A1ED-8DC90C4BD619}.Debug|Any CPU.Build.0 = Debug|Any CPU
		{9934CCFB-E5D5-4B34-A1ED-8DC90C4BD619}.Release|Any CPU.ActiveCfg = Release|Any CPU
		{9934CCFB-E5D5-4B34-A1ED-8DC90C4BD619}.Release|Any CPU.Build.0 = Release|Any CPU
		{ED62D7BD-A9C7-4124-A2F6-98BB939F96D0}.Debug|Any CPU.ActiveCfg = Debug|Any CPU
		{ED62D7BD-A9C7-4124-A2F6-98BB939F96D0}.Debug|Any CPU.Build.0 = Debug|Any CPU
		{ED62D7BD-A9C7-4124-A2F6-98BB939F96D0}.Release|Any CPU.ActiveCfg = Release|Any CPU
		{ED62D7BD-A9C7-4124-A2F6-98BB939F96D0}.Release|Any CPU.Build.0 = Release|Any CPU
		{50635836-9B32-4E96-8CD8-7D8FDB26D22C}.Debug|Any CPU.ActiveCfg = Debug|Any CPU
		{50635836-9B32-4E96-8CD8-7D8FDB26D22C}.Debug|Any CPU.Build.0 = Debug|Any CPU
		{50635836-9B32-4E96-8CD8-7D8FDB26D22C}.Release|Any CPU.ActiveCfg = Release|Any CPU
		{50635836-9B32-4E96-8CD8-7D8FDB26D22C}.Release|Any CPU.Build.0 = Release|Any CPU
	EndGlobalSection
	GlobalSection(SolutionProperties) = preSolution
		HideSolutionNode = FALSE
	EndGlobalSection
EndGlobal
